
Microsoft Visual Studio Solution File, Format Version 12.00
# Visual Studio Version 17
VisualStudioVersion = 17.6.33723.286
MinimumVisualStudioVersion = 10.0.40219.1
Project("{9A19103F-16F7-4668-BE54-9A1E7A4F7556}") = "PP.CLI", "PP.CLI\PP.CLI.csproj", "{30BD98B7-8C63-4CA2-AF62-1D9EAEF68FED}"
EndProject
Project("{FAE04EC0-301F-11D3-BF4B-00C04F79EFBC}") = "PP.Library", "PP.Library\PP.Library.csproj", "{9566EAF9-8A8A-4A9C-9F3C-6736FC5699DE}"
EndProject
Project("{FAE04EC0-301F-11D3-BF4B-00C04F79EFBC}") = "PP.MAUI", "PP.MAUI\PP.MAUI.csproj", "{BCD463AF-384B-4713-91F2-3C064C791A15}"
EndProject
Global
	GlobalSection(SolutionConfigurationPlatforms) = preSolution
		Debug|Any CPU = Debug|Any CPU
		Release|Any CPU = Release|Any CPU
	EndGlobalSection
	GlobalSection(ProjectConfigurationPlatforms) = postSolution
		{30BD98B7-8C63-4CA2-AF62-1D9EAEF68FED}.Debug|Any CPU.ActiveCfg = Debug|Any CPU
		{30BD98B7-8C63-4CA2-AF62-1D9EAEF68FED}.Debug|Any CPU.Build.0 = Debug|Any CPU
		{30BD98B7-8C63-4CA2-AF62-1D9EAEF68FED}.Release|Any CPU.ActiveCfg = Release|Any CPU
		{30BD98B7-8C63-4CA2-AF62-1D9EAEF68FED}.Release|Any CPU.Build.0 = Release|Any CPU
		{9566EAF9-8A8A-4A9C-9F3C-6736FC5699DE}.Debug|Any CPU.ActiveCfg = Debug|Any CPU
		{9566EAF9-8A8A-4A9C-9F3C-6736FC5699DE}.Debug|Any CPU.Build.0 = Debug|Any CPU
		{9566EAF9-8A8A-4A9C-9F3C-6736FC5699DE}.Release|Any CPU.ActiveCfg = Release|Any CPU
		{9566EAF9-8A8A-4A9C-9F3C-6736FC5699DE}.Release|Any CPU.Build.0 = Release|Any CPU
		{BCD463AF-384B-4713-91F2-3C064C791A15}.Debug|Any CPU.ActiveCfg = Debug|Any CPU
		{BCD463AF-384B-4713-91F2-3C064C791A15}.Debug|Any CPU.Build.0 = Debug|Any CPU
		{BCD463AF-384B-4713-91F2-3C064C791A15}.Debug|Any CPU.Deploy.0 = Debug|Any CPU
		{BCD463AF-384B-4713-91F2-3C064C791A15}.Release|Any CPU.ActiveCfg = Release|Any CPU
		{BCD463AF-384B-4713-91F2-3C064C791A15}.Release|Any CPU.Build.0 = Release|Any CPU
		{BCD463AF-384B-4713-91F2-3C064C791A15}.Release|Any CPU.Deploy.0 = Release|Any CPU
	EndGlobalSection
	GlobalSection(SolutionProperties) = preSolution
		HideSolutionNode = FALSE
	EndGlobalSection
	GlobalSection(ExtensibilityGlobals) = postSolution
		SolutionGuid = {04EA9533-0665-4089-9E10-FBD6D89592FE}
	EndGlobalSection
EndGlobal
