
Microsoft Visual Studio Solution File, Format Version 12.00
# Visual Studio Version 17
VisualStudioVersion = 17.6.33723.286
MinimumVisualStudioVersion = 10.0.40219.1
Project("{FAE04EC0-301F-11D3-BF4B-00C04F79EFBC}") = "PP.API", "PP.API.csproj", "{84850AE7-1B10-47BB-B31F-BA11787F7585}"
EndProject
Global
	GlobalSection(SolutionConfigurationPlatforms) = preSolution
		Debug|Any CPU = Debug|Any CPU
		Release|Any CPU = Release|Any CPU
	EndGlobalSection
	GlobalSection(ProjectConfigurationPlatforms) = postSolution
		{84850AE7-1B10-47BB-B31F-BA11787F7585}.Debug|Any CPU.ActiveCfg = Debug|Any CPU
		{84850AE7-1B10-47BB-B31F-BA11787F7585}.Debug|Any CPU.Build.0 = Debug|Any CPU
		{84850AE7-1B10-47BB-B31F-BA11787F7585}.Release|Any CPU.ActiveCfg = Release|Any CPU
		{84850AE7-1B10-47BB-B31F-BA11787F7585}.Release|Any CPU.Build.0 = Release|Any CPU
	EndGlobalSection
	GlobalSection(SolutionProperties) = preSolution
		HideSolutionNode = FALSE
	EndGlobalSection
	GlobalSection(ExtensibilityGlobals) = postSolution
		SolutionGuid = {C773A764-DF04-48F1-8F22-84DCDFADF894}
	EndGlobalSection
EndGlobal
